
Microsoft Visual Studio Solution File, Format Version 12.00
# Visual Studio Version 17
VisualStudioVersion = 17.0.31903.59
MinimumVisualStudioVersion = 10.0.40219.1
Project("{9A19103F-16F7-4668-BE54-9A1E7A4F7556}") = "BlazorClient", "BlazorClient\BlazorClient.csproj", "{FF67CE65-B2B7-42BD-A043-28A72D1B6E34}"
EndProject
Project("{E24C65DC-7377-472B-9ABA-BC803B73C61A}") = "AngularClient", "AngularClient\", "{D0CF4FFB-AC2F-4181-B77A-14B2D859B8D7}"
	ProjectSection(WebsiteProperties) = preProject
		TargetFrameworkMoniker = ".NETFramework,Version%3Dv4.8"
		Debug.AspNetCompiler.VirtualPath = "/localhost_50968"
		Debug.AspNetCompiler.PhysicalPath = "AngularClient\"
		Debug.AspNetCompiler.TargetPath = "PrecompiledWeb\localhost_50968\"
		Debug.AspNetCompiler.Updateable = "true"
		Debug.AspNetCompiler.ForceOverwrite = "true"
		Debug.AspNetCompiler.FixedNames = "false"
		Debug.AspNetCompiler.Debug = "True"
		Release.AspNetCompiler.VirtualPath = "/localhost_50968"
		Release.AspNetCompiler.PhysicalPath = "AngularClient\"
		Release.AspNetCompiler.TargetPath = "PrecompiledWeb\localhost_50968\"
		Release.AspNetCompiler.Updateable = "true"
		Release.AspNetCompiler.ForceOverwrite = "true"
		Release.AspNetCompiler.FixedNames = "false"
		Release.AspNetCompiler.Debug = "False"
		VWDPort = "50968"
		SlnRelativePath = "AngularClient\"
	EndProjectSection
EndProject
Project("{9A19103F-16F7-4668-BE54-9A1E7A4F7556}") = "ResumeFunctions", "ResumeFunctions\ResumeFunctions.csproj", "{F8C39BD0-1314-4689-BA87-CC7BC715A5D7}"
EndProject
Project("{FAE04EC0-301F-11D3-BF4B-00C04F79EFBC}") = "MyResumeApi", "MyResumeApi\MyResumeApi.csproj", "{03A4E229-A1AD-40D2-B594-3FB640618E20}"
EndProject
Global
	GlobalSection(SolutionConfigurationPlatforms) = preSolution
		Debug|Any CPU = Debug|Any CPU
		Release|Any CPU = Release|Any CPU
	EndGlobalSection
	GlobalSection(ProjectConfigurationPlatforms) = postSolution
		{FF67CE65-B2B7-42BD-A043-28A72D1B6E34}.Debug|Any CPU.ActiveCfg = Debug|Any CPU
		{FF67CE65-B2B7-42BD-A043-28A72D1B6E34}.Debug|Any CPU.Build.0 = Debug|Any CPU
		{FF67CE65-B2B7-42BD-A043-28A72D1B6E34}.Release|Any CPU.ActiveCfg = Release|Any CPU
		{FF67CE65-B2B7-42BD-A043-28A72D1B6E34}.Release|Any CPU.Build.0 = Release|Any CPU
		{D0CF4FFB-AC2F-4181-B77A-14B2D859B8D7}.Debug|Any CPU.ActiveCfg = Debug|Any CPU
		{D0CF4FFB-AC2F-4181-B77A-14B2D859B8D7}.Debug|Any CPU.Build.0 = Debug|Any CPU
		{D0CF4FFB-AC2F-4181-B77A-14B2D859B8D7}.Release|Any CPU.ActiveCfg = Debug|Any CPU
		{D0CF4FFB-AC2F-4181-B77A-14B2D859B8D7}.Release|Any CPU.Build.0 = Debug|Any CPU
		{F8C39BD0-1314-4689-BA87-CC7BC715A5D7}.Debug|Any CPU.ActiveCfg = Debug|Any CPU
		{F8C39BD0-1314-4689-BA87-CC7BC715A5D7}.Debug|Any CPU.Build.0 = Debug|Any CPU
		{F8C39BD0-1314-4689-BA87-CC7BC715A5D7}.Release|Any CPU.ActiveCfg = Release|Any CPU
		{F8C39BD0-1314-4689-BA87-CC7BC715A5D7}.Release|Any CPU.Build.0 = Release|Any CPU
		{03A4E229-A1AD-40D2-B594-3FB640618E20}.Debug|Any CPU.ActiveCfg = Debug|Any CPU
		{03A4E229-A1AD-40D2-B594-3FB640618E20}.Debug|Any CPU.Build.0 = Debug|Any CPU
		{03A4E229-A1AD-40D2-B594-3FB640618E20}.Release|Any CPU.ActiveCfg = Release|Any CPU
		{03A4E229-A1AD-40D2-B594-3FB640618E20}.Release|Any CPU.Build.0 = Release|Any CPU
	EndGlobalSection
	GlobalSection(SolutionProperties) = preSolution
		HideSolutionNode = FALSE
	EndGlobalSection
	GlobalSection(ExtensibilityGlobals) = postSolution
		SolutionGuid = {CAEC77B5-1FF5-4E89-86CD-620314C521C4}
	EndGlobalSection
EndGlobal
